Microsoft Visual Studio Solution File, Format Version 12.00
# Visual Studio Version 16
VisualStudioVersion = 16.0.31105.61
MinimumVisualStudioVersion = 10.0.40219.1
Project("{9A19103F-16F7-4668-BE54-9A1E7A4F7556}") = "DungeonCrawler", "DungeonCrawler\DungeonCrawler.csproj", "{C0B5910E-C04B-4369-A7A5-C627EECF200C}"
EndProject
Project("{2150E333-8FDC-42A3-9474-1A3956D46DE8}") = "Solution Items", "Solution Items", "{5950D6AF-F4D4-4A36-9BEA-AA1BADB1B724}"
	ProjectSection(SolutionItems) = preProject
		.editorconfig = .editorconfig
	EndProjectSection
EndProject
Global
	GlobalSection(SolutionConfigurationPlatforms) = preSolution
		Debug|Any CPU = Debug|Any CPU
		Release|Any CPU = Release|Any CPU
	EndGlobalSection
	GlobalSection(ProjectConfigurationPlatforms) = postSolution
		{C0B5910E-C04B-4369-A7A5-C627EECF200C}.Debug|Any CPU.ActiveCfg = Debug|Any CPU
		{C0B5910E-C04B-4369-A7A5-C627EECF200C}.Debug|Any CPU.Build.0 = Debug|Any CPU
		{C0B5910E-C04B-4369-A7A5-C627EECF200C}.Release|Any CPU.ActiveCfg = Release|Any CPU
		{C0B5910E-C04B-4369-A7A5-C627EECF200C}.Release|Any CPU.Build.0 = Release|Any CPU
	EndGlobalSection
	GlobalSection(SolutionProperties) = preSolution
		HideSolutionNode = FALSE
	EndGlobalSection
	GlobalSection(ExtensibilityGlobals) = postSolution
		SolutionGuid = {97BA91F1-2F5A-4401-AB4A-7988E35C009A}
	EndGlobalSection
EndGlobal
